
Microsoft Visual Studio Solution File, Format Version 12.00
# Visual Studio Version 16
VisualStudioVersion = 16.0.29709.97
MinimumVisualStudioVersion = 10.0.40219.1
Project("{9A19103F-16F7-4668-BE54-9A1E7A4F7556}") = "Nitrogen.AzureCore", "Nitrogen.AzureCore\Nitrogen.AzureCore.csproj", "{FE88958A-DEB8-4045-9A0C-BF8DED6D1DAF}"
EndProject
Project("{FAE04EC0-301F-11D3-BF4B-00C04F79EFBC}") = "Nitrogen.Model", "Nitrogen.Model\Nitrogen.Model.csproj", "{68644DAA-8D2A-445A-8E64-B59CF14BFDEF}"
EndProject
Global
	GlobalSection(SolutionConfigurationPlatforms) = preSolution
		Debug|Any CPU = Debug|Any CPU
		Release|Any CPU = Release|Any CPU
	EndGlobalSection
	GlobalSection(ProjectConfigurationPlatforms) = postSolution
		{FE88958A-DEB8-4045-9A0C-BF8DED6D1DAF}.Debug|Any CPU.ActiveCfg = Debug|Any CPU
		{FE88958A-DEB8-4045-9A0C-BF8DED6D1DAF}.Debug|Any CPU.Build.0 = Debug|Any CPU
		{FE88958A-DEB8-4045-9A0C-BF8DED6D1DAF}.Release|Any CPU.ActiveCfg = Release|Any CPU
		{FE88958A-DEB8-4045-9A0C-BF8DED6D1DAF}.Release|Any CPU.Build.0 = Release|Any CPU
		{68644DAA-8D2A-445A-8E64-B59CF14BFDEF}.Debug|Any CPU.ActiveCfg = Debug|Any CPU
		{68644DAA-8D2A-445A-8E64-B59CF14BFDEF}.Debug|Any CPU.Build.0 = Debug|Any CPU
		{68644DAA-8D2A-445A-8E64-B59CF14BFDEF}.Release|Any CPU.ActiveCfg = Release|Any CPU
		{68644DAA-8D2A-445A-8E64-B59CF14BFDEF}.Release|Any CPU.Build.0 = Release|Any CPU
	EndGlobalSection
	GlobalSection(SolutionProperties) = preSolution
		HideSolutionNode = FALSE
	EndGlobalSection
	GlobalSection(ExtensibilityGlobals) = postSolution
		SolutionGuid = {18D83ED8-39A1-4318-851C-B5635A209398}
	EndGlobalSection
EndGlobal
